
Microsoft Visual Studio Solution File, Format Version 12.00
# Visual Studio Version 17
VisualStudioVersion = 17.9.34701.34
MinimumVisualStudioVersion = 10.0.40219.1
Project("{FAE04EC0-301F-11D3-BF4B-00C04F79EFBC}") = "MVCExample", "MVCExample\MVCExample.csproj", "{48762B7C-8CE6-444F-944D-70E924E0F049}"
EndProject
Global
	GlobalSection(SolutionConfigurationPlatforms) = preSolution
		Debug|Any CPU = Debug|Any CPU
		Release|Any CPU = Release|Any CPU
	EndGlobalSection
	GlobalSection(ProjectConfigurationPlatforms) = postSolution
		{48762B7C-8CE6-444F-944D-70E924E0F049}.Debug|Any CPU.ActiveCfg = Debug|Any CPU
		{48762B7C-8CE6-444F-944D-70E924E0F049}.Debug|Any CPU.Build.0 = Debug|Any CPU
		{48762B7C-8CE6-444F-944D-70E924E0F049}.Release|Any CPU.ActiveCfg = Release|Any CPU
		{48762B7C-8CE6-444F-944D-70E924E0F049}.Release|Any CPU.Build.0 = Release|Any CPU
	EndGlobalSection
	GlobalSection(SolutionProperties) = preSolution
		HideSolutionNode = FALSE
	EndGlobalSection
	GlobalSection(ExtensibilityGlobals) = postSolution
		SolutionGuid = {1911DD9B-FEC1-45DB-860A-0F024A028D75}
	EndGlobalSection
EndGlobal
