
Microsoft Visual Studio Solution File, Format Version 12.00
# Visual Studio Version 17
VisualStudioVersion = 17.9.34701.34
MinimumVisualStudioVersion = 10.0.40219.1
Project("{FAE04EC0-301F-11D3-BF4B-00C04F79EFBC}") = "DatabaseExample2", "DatabaseExample2\DatabaseExample2.csproj", "{0C68DF9D-6289-4757-B7F5-D100013CC86D}"
EndProject
Global
	GlobalSection(SolutionConfigurationPlatforms) = preSolution
		Debug|Any CPU = Debug|Any CPU
		Release|Any CPU = Release|Any CPU
	EndGlobalSection
	GlobalSection(ProjectConfigurationPlatforms) = postSolution
		{0C68DF9D-6289-4757-B7F5-D100013CC86D}.Debug|Any CPU.ActiveCfg = Debug|Any CPU
		{0C68DF9D-6289-4757-B7F5-D100013CC86D}.Debug|Any CPU.Build.0 = Debug|Any CPU
		{0C68DF9D-6289-4757-B7F5-D100013CC86D}.Release|Any CPU.ActiveCfg = Release|Any CPU
		{0C68DF9D-6289-4757-B7F5-D100013CC86D}.Release|Any CPU.Build.0 = Release|Any CPU
	EndGlobalSection
	GlobalSection(SolutionProperties) = preSolution
		HideSolutionNode = FALSE
	EndGlobalSection
	GlobalSection(ExtensibilityGlobals) = postSolution
		SolutionGuid = {3E0ABE5F-8C80-41DA-934E-588E6F2178FC}
	EndGlobalSection
EndGlobal
