
Microsoft Visual Studio Solution File, Format Version 12.00
# Visual Studio Version 17
VisualStudioVersion = 17.9.34701.34
MinimumVisualStudioVersion = 10.0.40219.1
Project("{FAE04EC0-301F-11D3-BF4B-00C04F79EFBC}") = "Solution", "Solution\Solution.csproj", "{BFAB733A-D586-45E6-9270-611083BEDCBD}"
EndProject
Global
	GlobalSection(SolutionConfigurationPlatforms) = preSolution
		Debug|Any CPU = Debug|Any CPU
		Release|Any CPU = Release|Any CPU
	EndGlobalSection
	GlobalSection(ProjectConfigurationPlatforms) = postSolution
		{BFAB733A-D586-45E6-9270-611083BEDCBD}.Debug|Any CPU.ActiveCfg = Debug|Any CPU
		{BFAB733A-D586-45E6-9270-611083BEDCBD}.Debug|Any CPU.Build.0 = Debug|Any CPU
		{BFAB733A-D586-45E6-9270-611083BEDCBD}.Release|Any CPU.ActiveCfg = Release|Any CPU
		{BFAB733A-D586-45E6-9270-611083BEDCBD}.Release|Any CPU.Build.0 = Release|Any CPU
	EndGlobalSection
	GlobalSection(SolutionProperties) = preSolution
		HideSolutionNode = FALSE
	EndGlobalSection
	GlobalSection(ExtensibilityGlobals) = postSolution
		SolutionGuid = {EEC304AE-0411-4DA8-9BB7-C1FB1F6DB919}
	EndGlobalSection
EndGlobal
